
Microsoft Visual Studio Solution File, Format Version 12.00
# Visual Studio Version 17
VisualStudioVersion = 17.9.34701.34
MinimumVisualStudioVersion = 10.0.40219.1
Project("{FAE04EC0-301F-11D3-BF4B-00C04F79EFBC}") = "RedSocial.mvc", "RedSocial.mvc\RedSocial.mvc.csproj", "{ECC4BE1F-4039-44A9-816A-C90686DA64FF}"
EndProject
Global
	GlobalSection(SolutionConfigurationPlatforms) = preSolution
		Debug|Any CPU = Debug|Any CPU
		Release|Any CPU = Release|Any CPU
	EndGlobalSection
	GlobalSection(ProjectConfigurationPlatforms) = postSolution
		{ECC4BE1F-4039-44A9-816A-C90686DA64FF}.Debug|Any CPU.ActiveCfg = Debug|Any CPU
		{ECC4BE1F-4039-44A9-816A-C90686DA64FF}.Debug|Any CPU.Build.0 = Debug|Any CPU
		{ECC4BE1F-4039-44A9-816A-C90686DA64FF}.Release|Any CPU.ActiveCfg = Release|Any CPU
		{ECC4BE1F-4039-44A9-816A-C90686DA64FF}.Release|Any CPU.Build.0 = Release|Any CPU
	EndGlobalSection
	GlobalSection(SolutionProperties) = preSolution
		HideSolutionNode = FALSE
	EndGlobalSection
	GlobalSection(ExtensibilityGlobals) = postSolution
		SolutionGuid = {9096C82C-6755-4A02-86C9-8EC4D55BE395}
	EndGlobalSection
EndGlobal
